
Microsoft Visual Studio Solution File, Format Version 12.00
# Visual Studio 15
VisualStudioVersion = 15.0.27703.2042
MinimumVisualStudioVersion = 10.0.40219.1
Project("{9A19103F-16F7-4668-BE54-9A1E7A4F7556}") = "Camp.Data", "Camp.Data\Camp.Data.csproj", "{C2017317-6E35-422A-BC0E-832348510511}"
EndProject
Project("{FAE04EC0-301F-11D3-BF4B-00C04F79EFBC}") = "Camp.Web", "Camp.Web\Camp.Web.csproj", "{4E1082D5-E489-4F75-8B3B-B5DE084011C5}"
EndProject
Global
	GlobalSection(SolutionConfigurationPlatforms) = preSolution
		Debug|Any CPU = Debug|Any CPU
		Release|Any CPU = Release|Any CPU
	EndGlobalSection
	GlobalSection(ProjectConfigurationPlatforms) = postSolution
		{C2017317-6E35-422A-BC0E-832348510511}.Debug|Any CPU.ActiveCfg = Debug|Any CPU
		{C2017317-6E35-422A-BC0E-832348510511}.Debug|Any CPU.Build.0 = Debug|Any CPU
		{C2017317-6E35-422A-BC0E-832348510511}.Release|Any CPU.ActiveCfg = Release|Any CPU
		{C2017317-6E35-422A-BC0E-832348510511}.Release|Any CPU.Build.0 = Release|Any CPU
		{4E1082D5-E489-4F75-8B3B-B5DE084011C5}.Debug|Any CPU.ActiveCfg = Debug|Any CPU
		{4E1082D5-E489-4F75-8B3B-B5DE084011C5}.Debug|Any CPU.Build.0 = Debug|Any CPU
		{4E1082D5-E489-4F75-8B3B-B5DE084011C5}.Release|Any CPU.ActiveCfg = Release|Any CPU
		{4E1082D5-E489-4F75-8B3B-B5DE084011C5}.Release|Any CPU.Build.0 = Release|Any CPU
	EndGlobalSection
	GlobalSection(SolutionProperties) = preSolution
		HideSolutionNode = FALSE
	EndGlobalSection
	GlobalSection(ExtensibilityGlobals) = postSolution
		SolutionGuid = {A0DC8B9C-3BDF-4F77-8A7D-DEC47D42070F}
	EndGlobalSection
EndGlobal
